
Microsoft Visual Studio Solution File, Format Version 12.00
# Visual Studio 15
VisualStudioVersion = 15.0.26228.10
MinimumVisualStudioVersion = 10.0.40219.1
Project("{8BC9CEB8-8B4A-11D0-8D11-00A0C91BC942}") = "GameFramework", "GameFramework\GameFramework.vcxproj", "{B74EFDE3-7B69-433D-925D-292870A90CC4}"
EndProject
Project("{8BC9CEB8-8B4A-11D0-8D11-00A0C91BC942}") = "Shader", "GameFramework\Shader\Shader.vcxproj", "{E138F3A9-D6C2-4827-8D95-83F51C9A92F5}"
EndProject
Global
	GlobalSection(SolutionConfigurationPlatforms) = preSolution
		Debug|x64 = Debug|x64
		Debug|x86 = Debug|x86
		Release|x64 = Release|x64
		Release|x86 = Release|x86
	EndGlobalSection
	GlobalSection(ProjectConfigurationPlatforms) = postSolution
		{B74EFDE3-7B69-433D-925D-292870A90CC4}.Debug|x64.ActiveCfg = Debug|x64
		{B74EFDE3-7B69-433D-925D-292870A90CC4}.Debug|x64.Build.0 = Debug|x64
		{B74EFDE3-7B69-433D-925D-292870A90CC4}.Debug|x86.ActiveCfg = Debug|Win32
		{B74EFDE3-7B69-433D-925D-292870A90CC4}.Debug|x86.Build.0 = Debug|Win32
		{B74EFDE3-7B69-433D-925D-292870A90CC4}.Release|x64.ActiveCfg = Release|x64
		{B74EFDE3-7B69-433D-925D-292870A90CC4}.Release|x64.Build.0 = Release|x64
		{B74EFDE3-7B69-433D-925D-292870A90CC4}.Release|x86.ActiveCfg = Release|Win32
		{B74EFDE3-7B69-433D-925D-292870A90CC4}.Release|x86.Build.0 = Release|Win32
		{E138F3A9-D6C2-4827-8D95-83F51C9A92F5}.Debug|x64.ActiveCfg = Debug|x64
		{E138F3A9-D6C2-4827-8D95-83F51C9A92F5}.Debug|x64.Build.0 = Debug|x64
		{E138F3A9-D6C2-4827-8D95-83F51C9A92F5}.Debug|x86.ActiveCfg = Debug|Win32
		{E138F3A9-D6C2-4827-8D95-83F51C9A92F5}.Debug|x86.Build.0 = Debug|Win32
		{E138F3A9-D6C2-4827-8D95-83F51C9A92F5}.Release|x64.ActiveCfg = Release|x64
		{E138F3A9-D6C2-4827-8D95-83F51C9A92F5}.Release|x64.Build.0 = Release|x64
		{E138F3A9-D6C2-4827-8D95-83F51C9A92F5}.Release|x86.ActiveCfg = Release|Win32
		{E138F3A9-D6C2-4827-8D95-83F51C9A92F5}.Release|x86.Build.0 = Release|Win32
	EndGlobalSection
	GlobalSection(SolutionProperties) = preSolution
		HideSolutionNode = FALSE
	EndGlobalSection
EndGlobal
