<?xml version="1.0" encoding="utf-8"?>
<Project ToolsVersion="4.0" xmlns="http://schemas.microsoft.com/developer/msbuild/2003">
  <ItemGroup>
    <Filter Include="Shaders">
      <UniqueIdentifier>{fbd3611f-248a-498b-8b4f-628cd09c3ff6}</UniqueIdentifier>
    </Filter>
  </ItemGroup>
  <ItemGroup>
    <FxCompile Include="Shaders\ps_primitive.psh">
      <Filter>Shaders</Filter>
    </FxCompile>
    <FxCompile Include="Shaders\vs_primitive.vsh">
      <Filter>Shaders</Filter>
    </FxCompile>
    <FxCompile Include="Shaders\ps_textured_primitive.psh">
      <Filter>Shaders</Filter>
    </FxCompile>
    <FxCompile Include="Shaders\vs_textured_primitive.vsh">
      <Filter>Shaders</Filter>
    </FxCompile>
    <FxCompile Include="Shaders\ps_2d.psh">
      <Filter>Shaders</Filter>
    </FxCompile>
    <FxCompile Include="Shaders\vs_2d.vsh">
      <Filter>Shaders</Filter>
    </FxCompile>
    <FxCompile Include="Shaders\ps_2d_instancing.psh">
      <Filter>Shaders</Filter>
    </FxCompile>
    <FxCompile Include="Shaders\ps_2d_instancing.vsh">
      <Filter>Shaders</Filter>
    </FxCompile>
  </ItemGroup>
</Project>